
Microsoft Visual Studio Solution File, Format Version 12.00
# Visual Studio Version 16
VisualStudioVersion = 16.0.34931.43
MinimumVisualStudioVersion = 10.0.40219.1
Project("{FAE04EC0-301F-11D3-BF4B-00C04F79EFBC}") = "final_assignment", "final_assignment\final_assignment.csproj", "{E6F16F1C-EFB1-46E2-9CAB-038FD792E7C1}"
EndProject
Global
	GlobalSection(SolutionConfigurationPlatforms) = preSolution
		Debug|Any CPU = Debug|Any CPU
		Release|Any CPU = Release|Any CPU
	EndGlobalSection
	GlobalSection(ProjectConfigurationPlatforms) = postSolution
		{E6F16F1C-EFB1-46E2-9CAB-038FD792E7C1}.Debug|Any CPU.ActiveCfg = Debug|Any CPU
		{E6F16F1C-EFB1-46E2-9CAB-038FD792E7C1}.Debug|Any CPU.Build.0 = Debug|Any CPU
		{E6F16F1C-EFB1-46E2-9CAB-038FD792E7C1}.Release|Any CPU.ActiveCfg = Release|Any CPU
		{E6F16F1C-EFB1-46E2-9CAB-038FD792E7C1}.Release|Any CPU.Build.0 = Release|Any CPU
	EndGlobalSection
	GlobalSection(SolutionProperties) = preSolution
		HideSolutionNode = FALSE
	EndGlobalSection
	GlobalSection(ExtensibilityGlobals) = postSolution
		SolutionGuid = {C63ABB95-BA64-4371-BA0D-D2083FFB1E30}
	EndGlobalSection
EndGlobal
